{
    "_meta": {
        "hash": {
            "sha256": "b9a513c73cf80591d985d670f529edff479f106c5f15f37da3cda7476778b95b"
        },
        "pipfile-spec": 6,
        "requires": {
            "python_version": "3.12"
        },
        "sources": [
            {
                "name": "pypi",
                "url": "https://pypi.org/simple",
                "verify_ssl": true
            }
        ]
    },
    "default": {
        "aggdraw": {
            "hashes": [
                "sha256:0f79e9504e5fead1881d0bc3b763b76fb17f649ef263cfc1d63a10a068e904f3",
                "sha256:13a91cb1fdf32f7e5611212987901400297098c6aa403fd59bb3221ce4608663",
                "sha256:178784eb812dacfe3069fcbe4f4ef11877130803141b8f41b89535fbec0d0759",
                "sha256:21f951129b3014b3cf678b250ba5e4345d93243602b4062804e6111319d0eaf3",
                "sha256:2c350f9403749e2fa33525bf9116a154ea5c7fddbb9fe045448b7700b62d882d",
                "sha256:30d783a7bfb2ff2ac43ce080ff18fb5df8b96ad4c0988c88324037855310e665",
                "sha256:41e09faf469cae11339f5d1b0680dba7ec02502efebc10086f1a142a8a39afb8",
                "sha256:4483393bc69392287d1c8159a0c475c51ce2f687b1099d686a3c5b2028e25b0f",
                "sha256:4f3ff2595490b3760658a28afdca5111ed787bd1fccdab5c81d0ea57e0fe5a8c",
                "sha256:56bbcc8d4f64e60ed815419837b9d2ba579169d92c4fe19e4caa3679aaedb6aa",
                "sha256:67f28103a619ebf7068421dfee7bd3d6cf2528887bfb5d16ecf952da10fd6f93",
                "sha256:6a39bdf2f1043ca4148a926e35feaa1d4d592c25c8b225d8d0ad945415bab7cc",
                "sha256:789fc905d0bad232fe4d783ee115ed34a1c0904957dc384fc5c45a40df517975",
                "sha256:868c10d59daf9c6f625c4a206f384c637fdafe527c56c081bb0e567fcef17b55",
                "sha256:981210dbcbb649d80763a8ae32b845ff517103718c6bb0a95bae5b9d5d1c8cd2",
                "sha256:a9b6be919955e9ace24a22ca1172786902254db22f6789a0bb8ce08bfb86603f",
                "sha256:aecacc4f6d13b8343ac07624576bab4dadd4528f0c47f54b2fae0656fc913670",
                "sha256:b3bace3619f78891dbbeb1273409ea35d104880e5c22b0435808508c4c2f6a0e",
                "sha256:b5c47a5a4c9d1e0902b90b8b0032db55c8dc041dfc5005ff02749d8e9c0aa622",
                "sha256:cfbb072ee0a6de6cb6a782724df6e8ab9648d9566fb033118dcebbe9dc06326e",
                "sha256:e49048918017c62ba7069d781b351d4cbe8b188c76fe9104a923e57ddc95d5d0",
                "sha256:e5552ac136225692a774d481a9baa0736c68739f64b7a7ec9f4cc5f69c8a789a",
                "sha256:e68afe82d0bbd111b2d6d7f41ac8cf13a010cd65ad095117c2e9fd8252710a73",
                "sha256:e78a23b29fb66a079832bae5604f082bfa4ff9d5d469c77506a67253d7fee7db",
                "sha256:f0a4fd88d737719071cbfb1eba7520ca6e64c118b71b72525944b8d7bb20327c",
                "sha256:f7cb8141620ec4cb3be55601115126d9a1b084ef5bdea0bb510007efa42e8cfe"
            ],
            "index": "pypi",
            "markers": "python_version >= '3.9'",
            "version": "==1.3.19"
        },
        "certifi": {
            "hashes": [
                "sha256:922820b53db7a7257ffbda3f597266d435245903d80737e34f8a45ff3e3230d8",
                "sha256:bec941d2aa8195e248a60b31ff9f0558284cf01a52591ceda73ea9afffd69fd9"
            ],
            "index": "pypi",
            "markers": "python_version >= '3.6'",
            "version": "==2024.8.30"
        },
        "geographiclib": {
            "hashes": [
                "sha256:6b7225248e45ff7edcee32becc4e0a1504c606ac5ee163a5656d482e0cd38734",
                "sha256:f7f41c85dc3e1c2d3d935ec86660dc3b2c848c83e17f9a9e51ba9d5146a15859"
            ],
            "index": "pypi",
            "markers": "python_version >= '3.7'",
            "version": "==2.0"
        },
        "numpy": {
            "hashes": [
                "sha256:046356b19d7ad1890c751b99acad5e82dc4a02232013bd9a9a712fddf8eb60f5",
                "sha256:0b8cc2715a84b7c3b161f9ebbd942740aaed913584cae9cdc7f8ad5ad41943d0",
                "sha256:0d07841fd284718feffe7dd17a63a2e6c78679b2d386d3e82f44f0108c905550",
                "sha256:13cc11c00000848702322af4de0147ced365c81d66053a67c2e962a485b3717c",
                "sha256:13ce49a34c44b6de5241f0b38b07e44c1b2dcacd9e36c30f9c2fcb1bb5135db7",
                "sha256:24c2ad697bd8593887b019817ddd9974a7f429c14a5469d7fad413f28340a6d2",
                "sha256:251105b7c42abe40e3a689881e1793370cc9724ad50d64b30b358bbb3a97553b",
                "sha256:2ca4b53e1e0b279142113b8c5eb7d7a877e967c306edc34f3b58e9be12fda8df",
                "sha256:3269c9eb8745e8d975980b3a7411a98976824e1fdef11f0aacf76147f662b15f",
                "sha256:397bc5ce62d3fb73f304bec332171535c187e0643e176a6e9421a6e3eacef06d",
                "sha256:3fc5eabfc720db95d68e6646e88f8b399bfedd235994016351b1d9e062c4b270",
                "sha256:50a95ca3560a6058d6ea91d4629a83a897ee27c00630aed9d933dff191f170cd",
                "sha256:52ac2e48f5ad847cd43c4755520a2317f3380213493b9d8a4c5e37f3b87df504",
                "sha256:53e27293b3a2b661c03f79aa51c3987492bd4641ef933e366e0f9f6c9bf257ec",
                "sha256:57eb525e7c2a8fdee02d731f647146ff54ea8c973364f3b850069ffb42799647",
                "sha256:5889dd24f03ca5a5b1e8a90a33b5a0846d8977565e4ae003a63d22ecddf6782f",
                "sha256:59ca673ad11d4b84ceb385290ed0ebe60266e356641428c845b39cd9df6713ab",
                "sha256:6435c48250c12f001920f0751fe50c0348f5f240852cfddc5e2f97e007544cbe",
                "sha256:6e5a9cb2be39350ae6c8f79410744e80154df658d5bea06e06e0ac5bb75480d5",
                "sha256:7be6a07520b88214ea85d8ac8b7d6d8a1839b0b5cb87412ac9f49fa934eb15d5",
                "sha256:7c803b7934a7f59563db459292e6aa078bb38b7ab1446ca38dd138646a38203e",
                "sha256:7dd86dfaf7c900c0bbdcb8b16e2f6ddf1eb1fe39c6c8cca6e94844ed3152a8fd",
                "sha256:8661c94e3aad18e1ea17a11f60f843a4933ccaf1a25a7c6a9182af70610b2313",
                "sha256:8ae0fd135e0b157365ac7cc31fff27f07a5572bdfc38f9c2d43b2aff416cc8b0",
                "sha256:910b47a6d0635ec1bd53b88f86120a52bf56dcc27b51f18c7b4a2e2224c29f0f",
                "sha256:913cc1d311060b1d409e609947fa1b9753701dac96e6581b58afc36b7ee35af6",
                "sha256:920b0911bb2e4414c50e55bd658baeb78281a47feeb064ab40c2b66ecba85553",
                "sha256:950802d17a33c07cba7fd7c3dcfa7d64705509206be1606f196d179e539111ed",
                "sha256:981707f6b31b59c0c24bcda52e5605f9701cb46da4b86c2e8023656ad3e833cb",
                "sha256:98ce7fb5b8063cfdd86596b9c762bf2b5e35a2cdd7e967494ab78a1fa7f8b86e",
                "sha256:99f4a9ee60eed1385a86e82288971a51e71df052ed0b2900ed30bc840c0f2e39",
                "sha256:9a8e06c7a980869ea67bbf551283bbed2856915f0a792dc32dd0f9dd2fb56728",
                "sha256:ae8ce252404cdd4de56dcfce8b11eac3c594a9c16c231d081fb705cf23bd4d9e",
                "sha256:afd9c680df4de71cd58582b51e88a61feed4abcc7530bcd3d48483f20fc76f2a",
                "sha256:b49742cdb85f1f81e4dc1b39dcf328244f4d8d1ded95dea725b316bd2cf18c95",
                "sha256:b5613cfeb1adfe791e8e681128f5f49f22f3fcaa942255a6124d58ca59d9528f",
                "sha256:bab7c09454460a487e631ffc0c42057e3d8f2a9ddccd1e60c7bb8ed774992480",
                "sha256:c8a0e34993b510fc19b9a2ce7f31cb8e94ecf6e924a40c0c9dd4f62d0aac47d9",
                "sha256:caf5d284ddea7462c32b8d4a6b8af030b6c9fd5332afb70e7414d7fdded4bfd0",
                "sha256:cea427d1350f3fd0d2818ce7350095c1a2ee33e30961d2f0fef48576ddbbe90f",
                "sha256:d0cf7d55b1051387807405b3898efafa862997b4cba8aa5dbe657be794afeafd",
                "sha256:d10c39947a2d351d6d466b4ae83dad4c37cd6c3cdd6d5d0fa797da56f710a6ae",
                "sha256:d2b9cd92c8f8e7b313b80e93cedc12c0112088541dcedd9197b5dee3738c1201",
                "sha256:d4c57b68c8ef5e1ebf47238e99bf27657511ec3f071c465f6b1bccbef12d4136",
                "sha256:d51fc141ddbe3f919e91a096ec739f49d686df8af254b2053ba21a910ae518bf",
                "sha256:e097507396c0be4e547ff15b13dc3866f45f3680f789c1a1301b07dadd3fbc78",
                "sha256:e30356d530528a42eeba51420ae8bf6c6c09559051887196599d96ee5f536468",
                "sha256:e8d5f8a8e3bc87334f025194c6193e408903d21ebaeb10952264943a985066ca",
                "sha256:e8dfa9e94fc127c40979c3eacbae1e61fda4fe71d84869cc129e2721973231ef",
                "sha256:f212d4f46b67ff604d11fff7cc62d36b3e8714edf68e44e9760e19be38c03eb0",
                "sha256:f7506387e191fe8cdb267f912469a3cccc538ab108471291636a96a54e599556",
                "sha256:fac6e277a41163d27dfab5f4ec1f7a83fac94e170665a4a50191b545721c6521",
                "sha256:fcd8f556cdc8cfe35e70efb92463082b7f43dd7e547eb071ffc36abc0ca4699b"
            ],
            "index": "pypi",
            "markers": "python_version >= '3.10'",
            "version": "==2.1.1"
        },
        "opencv-python": {
            "hashes": [
                "sha256:09a332b50488e2dda866a6c5573ee192fe3583239fb26ff2f7f9ceb0bc119ea6",
                "sha256:2db02bb7e50b703f0a2d50c50ced72e95c574e1e5a0bb35a8a86d0b35c98c236",
                "sha256:32dbbd94c26f611dc5cc6979e6b7aa1f55a64d6b463cc1dcd3c95505a63e48fe",
                "sha256:71e575744f1d23f79741450254660442785f45a0797212852ee5199ef12eed98",
                "sha256:72d234e4582e9658ffea8e9cae5b63d488ad06994ef12d81dc303b17472f3526",
                "sha256:9ace140fc6d647fbe1c692bcb2abce768973491222c067c131d80957c595b71f",
                "sha256:fc182f8f4cda51b45f01c64e4cbedfc2f00aff799debebc305d8d0210c43f251"
            ],
            "index": "pypi",
            "markers": "python_version >= '3.6'",
            "version": "==4.10.0.84"
        },
        "pillow": {
            "hashes": [
                "sha256:02a2be69f9c9b8c1e97cf2713e789d4e398c751ecfd9967c18d0ce304efbf885",
                "sha256:030abdbe43ee02e0de642aee345efa443740aa4d828bfe8e2eb11922ea6a21ea",
                "sha256:06b2f7898047ae93fad74467ec3d28fe84f7831370e3c258afa533f81ef7f3df",
                "sha256:0755ffd4a0c6f267cccbae2e9903d95477ca2f77c4fcf3a3a09570001856c8a5",
                "sha256:0a9ec697746f268507404647e531e92889890a087e03681a3606d9b920fbee3c",
                "sha256:0ae24a547e8b711ccaaf99c9ae3cd975470e1a30caa80a6aaee9a2f19c05701d",
                "sha256:134ace6dc392116566980ee7436477d844520a26a4b1bd4053f6f47d096997fd",
                "sha256:166c1cd4d24309b30d61f79f4a9114b7b2313d7450912277855ff5dfd7cd4a06",
                "sha256:1b5dea9831a90e9d0721ec417a80d4cbd7022093ac38a568db2dd78363b00908",
                "sha256:1d846aea995ad352d4bdcc847535bd56e0fd88d36829d2c90be880ef1ee4668a",
                "sha256:1ef61f5dd14c300786318482456481463b9d6b91ebe5ef12f405afbba77ed0be",
                "sha256:297e388da6e248c98bc4a02e018966af0c5f92dfacf5a5ca22fa01cb3179bca0",
                "sha256:298478fe4f77a4408895605f3482b6cc6222c018b2ce565c2b6b9c354ac3229b",
                "sha256:29dbdc4207642ea6aad70fbde1a9338753d33fb23ed6956e706936706f52dd80",
                "sha256:2db98790afc70118bd0255c2eeb465e9767ecf1f3c25f9a1abb8ffc8cfd1fe0a",
                "sha256:32cda9e3d601a52baccb2856b8ea1fc213c90b340c542dcef77140dfa3278a9e",
                "sha256:37fb69d905be665f68f28a8bba3c6d3223c8efe1edf14cc4cfa06c241f8c81d9",
                "sha256:416d3a5d0e8cfe4f27f574362435bc9bae57f679a7158e0096ad2beb427b8696",
                "sha256:43efea75eb06b95d1631cb784aa40156177bf9dd5b4b03ff38979e048258bc6b",
                "sha256:4b35b21b819ac1dbd1233317adeecd63495f6babf21b7b2512d244ff6c6ce309",
                "sha256:4d9667937cfa347525b319ae34375c37b9ee6b525440f3ef48542fcf66f2731e",
                "sha256:5161eef006d335e46895297f642341111945e2c1c899eb406882a6c61a4357ab",
                "sha256:543f3dc61c18dafb755773efc89aae60d06b6596a63914107f75459cf984164d",
                "sha256:551d3fd6e9dc15e4c1eb6fc4ba2b39c0c7933fa113b220057a34f4bb3268a060",
                "sha256:59291fb29317122398786c2d44427bbd1a6d7ff54017075b22be9d21aa59bd8d",
                "sha256:5b001114dd152cfd6b23befeb28d7aee43553e2402c9f159807bf55f33af8a8d",
                "sha256:5b4815f2e65b30f5fbae9dfffa8636d992d49705723fe86a3661806e069352d4",
                "sha256:5dc6761a6efc781e6a1544206f22c80c3af4c8cf461206d46a1e6006e4429ff3",
                "sha256:5e84b6cc6a4a3d76c153a6b19270b3526a5a8ed6b09501d3af891daa2a9de7d6",
                "sha256:6209bb41dc692ddfee4942517c19ee81b86c864b626dbfca272ec0f7cff5d9fb",
                "sha256:673655af3eadf4df6b5457033f086e90299fdd7a47983a13827acf7459c15d94",
                "sha256:6c762a5b0997f5659a5ef2266abc1d8851ad7749ad9a6a5506eb23d314e4f46b",
                "sha256:7086cc1d5eebb91ad24ded9f58bec6c688e9f0ed7eb3dbbf1e4800280a896496",
                "sha256:73664fe514b34c8f02452ffb73b7a92c6774e39a647087f83d67f010eb9a0cf0",
                "sha256:76a911dfe51a36041f2e756b00f96ed84677cdeb75d25c767f296c1c1eda1319",
                "sha256:780c072c2e11c9b2c7ca37f9a2ee8ba66f44367ac3e5c7832afcfe5104fd6d1b",
                "sha256:7928ecbf1ece13956b95d9cbcfc77137652b02763ba384d9ab508099a2eca856",
                "sha256:7970285ab628a3779aecc35823296a7869f889b8329c16ad5a71e4901a3dc4ef",
                "sha256:7a8d4bade9952ea9a77d0c3e49cbd8b2890a399422258a77f357b9cc9be8d680",
                "sha256:7c1ee6f42250df403c5f103cbd2768a28fe1a0ea1f0f03fe151c8741e1469c8b",
                "sha256:7dfecdbad5c301d7b5bde160150b4db4c659cee2b69589705b6f8a0c509d9f42",
                "sha256:812f7342b0eee081eaec84d91423d1b4650bb9828eb53d8511bcef8ce5aecf1e",
                "sha256:866b6942a92f56300012f5fbac71f2d610312ee65e22f1aa2609e491284e5597",
                "sha256:86dcb5a1eb778d8b25659d5e4341269e8590ad6b4e8b44d9f4b07f8d136c414a",
                "sha256:87dd88ded2e6d74d31e1e0a99a726a6765cda32d00ba72dc37f0651f306daaa8",
                "sha256:8bc1a764ed8c957a2e9cacf97c8b2b053b70307cf2996aafd70e91a082e70df3",
                "sha256:8d4d5063501b6dd4024b8ac2f04962d661222d120381272deea52e3fc52d3736",
                "sha256:8f0aef4ef59694b12cadee839e2ba6afeab89c0f39a3adc02ed51d109117b8da",
                "sha256:930044bb7679ab003b14023138b50181899da3f25de50e9dbee23b61b4de2126",
                "sha256:950be4d8ba92aca4b2bb0741285a46bfae3ca699ef913ec8416c1b78eadd64cd",
                "sha256:961a7293b2457b405967af9c77dcaa43cc1a8cd50d23c532e62d48ab6cdd56f5",
                "sha256:9b885f89040bb8c4a1573566bbb2f44f5c505ef6e74cec7ab9068c900047f04b",
                "sha256:9f4727572e2918acaa9077c919cbbeb73bd2b3ebcfe033b72f858fc9fbef0026",
                "sha256:a02364621fe369e06200d4a16558e056fe2805d3468350df3aef21e00d26214b",
                "sha256:a985e028fc183bf12a77a8bbf36318db4238a3ded7fa9df1b9a133f1cb79f8fc",
                "sha256:ac1452d2fbe4978c2eec89fb5a23b8387aba707ac72810d9490118817d9c0b46",
                "sha256:b15e02e9bb4c21e39876698abf233c8c579127986f8207200bc8a8f6bb27acf2",
                "sha256:b2724fdb354a868ddf9a880cb84d102da914e99119211ef7ecbdc613b8c96b3c",
                "sha256:bbc527b519bd3aa9d7f429d152fea69f9ad37c95f0b02aebddff592688998abe",
                "sha256:bcd5e41a859bf2e84fdc42f4edb7d9aba0a13d29a2abadccafad99de3feff984",
                "sha256:bd2880a07482090a3bcb01f4265f1936a903d70bc740bfcb1fd4e8a2ffe5cf5a",
                "sha256:bee197b30783295d2eb680b311af15a20a8b24024a19c3a26431ff83eb8d1f70",
                "sha256:bf2342ac639c4cf38799a44950bbc2dfcb685f052b9e262f446482afaf4bffca",
                "sha256:c76e5786951e72ed3686e122d14c5d7012f16c8303a674d18cdcd6d89557fc5b",
                "sha256:cbed61494057c0f83b83eb3a310f0bf774b09513307c434d4366ed64f4128a91",
                "sha256:cfdd747216947628af7b259d274771d84db2268ca062dd5faf373639d00113a3",
                "sha256:d7480af14364494365e89d6fddc510a13e5a2c3584cb19ef65415ca57252fb84",
                "sha256:dbc6ae66518ab3c5847659e9988c3b60dc94ffb48ef9168656e0019a93dbf8a1",
                "sha256:dc3e2db6ba09ffd7d02ae9141cfa0ae23393ee7687248d46a7507b75d610f4f5",
                "sha256:dfe91cb65544a1321e631e696759491ae04a2ea11d36715eca01ce07284738be",
                "sha256:e4d49b85c4348ea0b31ea63bc75a9f3857869174e2bf17e7aba02945cd218e6f",
                "sha256:e4db64794ccdf6cb83a59d73405f63adbe2a1887012e308828596100a0b2f6cc",
                "sha256:e553cad5179a66ba15bb18b353a19020e73a7921296a7979c4a2b7f6a5cd57f9",
                "sha256:e88d5e6ad0d026fba7bdab8c3f225a69f063f116462c49892b0149e21b6c0a0e",
                "sha256:ecd85a8d3e79cd7158dec1c9e5808e821feea088e2f69a974db5edf84dc53141",
                "sha256:f5b92f4d70791b4a67157321c4e8225d60b119c5cc9aee8ecf153aace4aad4ef",
                "sha256:f5f0c3e969c8f12dd2bb7e0b15d5c468b51e5017e01e2e867335c81903046a22",
                "sha256:f7baece4ce06bade126fb84b8af1c33439a76d8a6fd818970215e0560ca28c27",
                "sha256:ff25afb18123cea58a591ea0244b92eb1e61a1fd497bf6d6384f09bc3262ec3e",
                "sha256:ff337c552345e95702c5fde3158acb0625111017d0e5f24bf3acdb9cc16b90d1"
            ],
            "index": "pypi",
            "markers": "python_version >= '3.8'",
            "version": "==10.4.0"
        },
        "pyproj": {
            "hashes": [
                "sha256:18faa54a3ca475bfe6255156f2f2874e9a1c8917b0004eee9f664b86ccc513d3",
                "sha256:1e9fbaf920f0f9b4ee62aab832be3ae3968f33f24e2e3f7fbb8c6728ef1d9746",
                "sha256:2d6ff73cc6dbbce3766b6c0bce70ce070193105d8de17aa2470009463682a8eb",
                "sha256:36b64c2cb6ea1cc091f329c5bd34f9c01bb5da8c8e4492c709bda6a09f96808f",
                "sha256:38a3361941eb72b82bd9a18f60c78b0df8408416f9340521df442cebfc4306e2",
                "sha256:447db19c7efad70ff161e5e46a54ab9cc2399acebb656b6ccf63e4bc4a04b97a",
                "sha256:44aa7c704c2b7d8fb3d483bbf75af6cb2350d30a63b144279a09b75fead501bf",
                "sha256:4ba1f9b03d04d8cab24d6375609070580a26ce76eaed54631f03bab00a9c737b",
                "sha256:4bc0472302919e59114aa140fd7213c2370d848a7249d09704f10f5b062031fe",
                "sha256:50100b2726a3ca946906cbaa789dd0749f213abf0cbb877e6de72ca7aa50e1ae",
                "sha256:5279586013b8d6582e22b6f9e30c49796966770389a9d5b85e25a4223286cd3f",
                "sha256:6420ea8e7d2a88cb148b124429fba8cd2e0fae700a2d96eab7083c0928a85110",
                "sha256:65ad699e0c830e2b8565afe42bd58cc972b47d829b2e0e48ad9638386d994915",
                "sha256:6d227a865356f225591b6732430b1d1781e946893789a609bb34f59d09b8b0f8",
                "sha256:7a27151ddad8e1439ba70c9b4b2b617b290c39395fa9ddb7411ebb0eb86d6fb0",
                "sha256:80fafd1f3eb421694857f254a9bdbacd1eb22fc6c24ca74b136679f376f97d35",
                "sha256:83039e5ae04e5afc974f7d25ee0870a80a6bd6b7957c3aca5613ccbe0d3e72bf",
                "sha256:8b8acc31fb8702c54625f4d5a2a6543557bec3c28a0ef638778b7ab1d1772132",
                "sha256:9274880263256f6292ff644ca92c46d96aa7e57a75c6df3f11d636ce845a1877",
                "sha256:ab7aa4d9ff3c3acf60d4b285ccec134167a948df02347585fdd934ebad8811b4",
                "sha256:c41e80ddee130450dcb8829af7118f1ab69eaf8169c4bf0ee8d52b72f098dc2f",
                "sha256:db3aedd458e7f7f21d8176f0a1d924f1ae06d725228302b872885a1c34f3119e",
                "sha256:e7e13c40183884ec7f94eb8e0f622f08f1d5716150b8d7a134de48c6110fee85",
                "sha256:ebfbdbd0936e178091309f6cd4fcb4decd9eab12aa513cdd9add89efa3ec2882",
                "sha256:fd43bd9a9b9239805f406fd82ba6b106bf4838d9ef37c167d3ed70383943ade1",
                "sha256:fd93c1a0c6c4aedc77c0fe275a9f2aba4d59b8acf88cebfc19fe3c430cfabf4f",
                "sha256:fffb059ba3bced6f6725961ba758649261d85ed6ce670d3e3b0a26e81cf1aa8d"
            ],
            "index": "pypi",
            "markers": "python_version >= '3.9'",
            "version": "==3.6.1"
        },
        "shapely": {
            "hashes": [
                "sha256:0334bd51828f68cd54b87d80b3e7cee93f249d82ae55a0faf3ea21c9be7b323a",
                "sha256:1bbc783529a21f2bd50c79cef90761f72d41c45622b3e57acf78d984c50a5d13",
                "sha256:2423f6c0903ebe5df6d32e0066b3d94029aab18425ad4b07bf98c3972a6e25a1",
                "sha256:28f87cdf5308a514763a5c38de295544cb27429cfa655d50ed8431a4796090c4",
                "sha256:29a34e068da2d321e926b5073539fd2a1d4429a2c656bd63f0bd4c8f5b236d0b",
                "sha256:2ad2fae12dca8d2b727fa12b007e46fbc522148a584f5d6546c539f3464dccde",
                "sha256:2b542d7f1dbb89192d3512c52b679c822ba916f93479fa5d4fc2fe4fa0b3c9e8",
                "sha256:2c665a0301c645615a107ff7f52adafa2153beab51daf34587170d85e8ba6805",
                "sha256:2de00c3bfa80d6750832bde1d9487e302a6dd21d90cb2f210515cefdb616e5f5",
                "sha256:392f66f458a0a2c706254f473290418236e52aa4c9b476a072539d63a2460595",
                "sha256:3a82d58a1134d5e975f19268710e53bddd9c473743356c90d97ce04b73e101ee",
                "sha256:3ec3a0eab496b5e04633a39fa3d5eb5454628228201fb24903d38174ee34565e",
                "sha256:42805ef90783ce689a4dde2b6b2f261e2c52609226a0438d882e3ced40bb3013",
                "sha256:42fd4cd4834747e4990227e4cbafb02242c0cffe9ce7ef9971f53ac52d80d55f",
                "sha256:44246d30124a4f1a638a7d5419149959532b99dfa25b54393512e6acc9c211ac",
                "sha256:537c4b2716d22c92036d00b34aac9d3775e3691f80c7aa517c2c290351f42cd8",
                "sha256:5aeb0f51a9db176da9a30cb2f4329b6fbd1e26d359012bb0ac3d3c7781667a9e",
                "sha256:665990c84aece05efb68a21b3523a6b2057e84a1afbef426ad287f0796ef8a48",
                "sha256:6d2cb146191a47bd0cee8ff5f90b47547b82b6345c0d02dd8b25b88b68af62d7",
                "sha256:7060566bc4888b0c8ed14b5d57df8a0ead5c28f9b69fb6bed4476df31c51b0af",
                "sha256:81d9dfe155f371f78c8d895a7b7f323bb241fb148d848a2bf2244f79213123fe",
                "sha256:837d395fac58aa01aa544495b97940995211e3e25f9aaf87bc3ba5b3a8cd1ac7",
                "sha256:83b94a44ab04a90e88be69e7ddcc6f332da7c0a0ebb1156e1c4f568bbec983c3",
                "sha256:8b3b818c4407eaa0b4cb376fd2305e20ff6df757bf1356651589eadc14aab41b",
                "sha256:98fea108334be345c283ce74bf064fa00cfdd718048a8af7343c59eb40f59726",
                "sha256:997f6159b1484059ec239cacaa53467fd8b5564dabe186cd84ac2944663b0bf6",
                "sha256:9a7a78b0d51257a367ee115f4d41ca4d46edbd0dd280f697a8092dd3989867b2",
                "sha256:b02154b3e9d076a29a8513dffcb80f047a5ea63c897c0cd3d3679f29363cf7e5",
                "sha256:b3304883bd82d44be1b27a9d17f1167fda8c7f5a02a897958d86c59ec69b705e",
                "sha256:b3dc9fb0eb56498912025f5eb352b5126f04801ed0e8bdbd867d21bdbfd7cbd0",
                "sha256:c02eb6bf4cfb9fe6568502e85bb2647921ee49171bcd2d4116c7b3109724ef9b",
                "sha256:c6d88ade96bf02f6bfd667ddd3626913098e243e419a0325ebef2bbd481d1eb6",
                "sha256:cec9193519940e9d1b86a3b4f5af9eb6910197d24af02f247afbfb47bcb3fab0",
                "sha256:d37d070da9e0e0f0a530a621e17c0b8c3c9d04105655132a87cfff8bd77cc4c2",
                "sha256:d93b7e0e71c9f095e09454bf18dad5ea716fb6ced5df3cb044564a00723f339d",
                "sha256:e1c84c3f53144febf6af909d6b581bc05e8785d57e27f35ebaa5c1ab9baba13b",
                "sha256:e3fdef0a1794a8fe70dc1f514440aa34426cc0ae98d9a1027fb299d45741c381",
                "sha256:eba5bae271d523c938274c61658ebc34de6c4b33fdf43ef7e938b5776388c1be",
                "sha256:ed5867e598a9e8ac3291da6cc9baa62ca25706eea186117034e8ec0ea4355653",
                "sha256:f32c23d2f43d54029f986479f7c1f6e09c6b3a19353a3833c2ffb226fb63a855",
                "sha256:fa7468e4f5b92049c0f36d63c3e309f85f2775752e076378e36c6387245c5462",
                "sha256:fbb7bf02a7542dba55129062570211cfb0defa05386409b3e306c39612e7fbcc"
            ],
            "index": "pypi",
            "markers": "python_version >= '3.7'",
            "version": "==2.0.6"
        }
    },
    "develop": {}
}
